{
  "name": "Internship-project-Authshield",
  "lockfileVersion": 3,
  "requires": true,
  "packages": {
    "": {
      "dependencies": {
        "primeicons": "^8.0.0"
      }
    },
    "node_modules/primeicons": {
      "version": "8.0.0",
      "resolved": "https://registry.npmjs.org/primeicons/-/primeicons-8.0.0.tgz",
      "integrity": "sha512-eZGk+Mgb4fE+LkJi9LvllbnB4RVUF9kzmnLVnT3ZMY6stqKVh7TUJ0mFoMNIEgTnJSvhaGcJotDiSvtVvkHd7g==",
      "license": "SEE LICENSE IN LICENSE.md"
    }
  }
}
